
Microsoft Visual Studio Solution File, Format Version 12.00
# Visual Studio 15
VisualStudioVersion = 15.0.27130.0
MinimumVisualStudioVersion = 10.0.40219.1
Project("{2150E333-8FDC-42A3-9474-1A3956D46DE8}") = "Examples", "Examples", "{4D0287F8-9E4F-4A25-AE97-7318504AE1C5}"
EndProject
Project("{2150E333-8FDC-42A3-9474-1A3956D46DE8}") = "UnitTest", "UnitTest", "{9F22B7C5-2A6D-42BC-8576-7915F9B1DEB2}"
EndProject
Project("{9A19103F-16F7-4668-BE54-9A1E7A4F7556}") = "EFCore.DbContextFactory.Examples.Data", "EFCore.DbContextFactory.Examples.Data\EFCore.DbContextFactory.Examples.Data.csproj", "{EF87D70D-4AD8-4038-995B-9F1AD400538E}"
EndProject
Project("{9A19103F-16F7-4668-BE54-9A1E7A4F7556}") = "EFCore.DbContextFactory.Examples.WebApi", "EFCore.DbContextFactory.Examples.WebApi\EFCore.DbContextFactory.Examples.WebApi.csproj", "{32531B46-02D2-4002-B551-92D27C056389}"
EndProject
Project("{2150E333-8FDC-42A3-9474-1A3956D46DE8}") = "src", "src", "{4B227D6C-0E47-4A5E-AA1E-DB9911ECAE77}"
EndProject
Project("{9A19103F-16F7-4668-BE54-9A1E7A4F7556}") = "EFCore.DbContextFactory", "EFCore.DbContextFactory\EFCore.DbContextFactory.csproj", "{B7B427DD-38A0-4A41-8C7B-8542A1583707}"
EndProject
Project("{9A19103F-16F7-4668-BE54-9A1E7A4F7556}") = "EFCore.DbContextFactory.IntegrationTest", "EFCore.DbContextFactory.IntegrationTest\EFCore.DbContextFactory.IntegrationTest.csproj", "{BF6E882D-32C9-459E-90C9-B8A9B6C33181}"
EndProject
Global
	GlobalSection(SolutionConfigurationPlatforms) = preSolution
		Debug|Any CPU = Debug|Any CPU
		Release|Any CPU = Release|Any CPU
	EndGlobalSection
	GlobalSection(ProjectConfigurationPlatforms) = postSolution
		{EF87D70D-4AD8-4038-995B-9F1AD400538E}.Debug|Any CPU.ActiveCfg = Debug|Any CPU
		{EF87D70D-4AD8-4038-995B-9F1AD400538E}.Debug|Any CPU.Build.0 = Debug|Any CPU
		{EF87D70D-4AD8-4038-995B-9F1AD400538E}.Release|Any CPU.ActiveCfg = Release|Any CPU
		{EF87D70D-4AD8-4038-995B-9F1AD400538E}.Release|Any CPU.Build.0 = Release|Any CPU
		{32531B46-02D2-4002-B551-92D27C056389}.Debug|Any CPU.ActiveCfg = Debug|Any CPU
		{32531B46-02D2-4002-B551-92D27C056389}.Debug|Any CPU.Build.0 = Debug|Any CPU
		{32531B46-02D2-4002-B551-92D27C056389}.Release|Any CPU.ActiveCfg = Release|Any CPU
		{32531B46-02D2-4002-B551-92D27C056389}.Release|Any CPU.Build.0 = Release|Any CPU
		{B7B427DD-38A0-4A41-8C7B-8542A1583707}.Debug|Any CPU.ActiveCfg = Debug|Any CPU
		{B7B427DD-38A0-4A41-8C7B-8542A1583707}.Debug|Any CPU.Build.0 = Debug|Any CPU
		{B7B427DD-38A0-4A41-8C7B-8542A1583707}.Release|Any CPU.ActiveCfg = Release|Any CPU
		{B7B427DD-38A0-4A41-8C7B-8542A1583707}.Release|Any CPU.Build.0 = Release|Any CPU
		{BF6E882D-32C9-459E-90C9-B8A9B6C33181}.Debug|Any CPU.ActiveCfg = Debug|Any CPU
		{BF6E882D-32C9-459E-90C9-B8A9B6C33181}.Debug|Any CPU.Build.0 = Debug|Any CPU
		{BF6E882D-32C9-459E-90C9-B8A9B6C33181}.Release|Any CPU.ActiveCfg = Release|Any CPU
		{BF6E882D-32C9-459E-90C9-B8A9B6C33181}.Release|Any CPU.Build.0 = Release|Any CPU
	EndGlobalSection
	GlobalSection(SolutionProperties) = preSolution
		HideSolutionNode = FALSE
	EndGlobalSection
	GlobalSection(NestedProjects) = preSolution
		{EF87D70D-4AD8-4038-995B-9F1AD400538E} = {4D0287F8-9E4F-4A25-AE97-7318504AE1C5}
		{32531B46-02D2-4002-B551-92D27C056389} = {4D0287F8-9E4F-4A25-AE97-7318504AE1C5}
		{B7B427DD-38A0-4A41-8C7B-8542A1583707} = {4B227D6C-0E47-4A5E-AA1E-DB9911ECAE77}
		{BF6E882D-32C9-459E-90C9-B8A9B6C33181} = {9F22B7C5-2A6D-42BC-8576-7915F9B1DEB2}
	EndGlobalSection
	GlobalSection(ExtensibilityGlobals) = postSolution
		SolutionGuid = {5EABDFD2-D616-40CD-BDC7-C38187FF1141}
	EndGlobalSection
EndGlobal
